lockVersion: 2.0.0
id: 5a857039-7f4b-42d5-86fd-449767242ed2
management:
  docChecksum: cdc191ce1bf61d7565b6f4caa1ea7ff9
  docVersion: 1.0.0
  speakeasyVersion: 1.330.0
  generationVersion: 2.361.10
  releaseVersion: 0.11.0
  configChecksum: fe1f4f47e217555f3049bc6b86f7300b
  repoURL: https://github.com/epilot-dev/terraform-provider-epilot-workflow.git
  repoSubDirectory: .
  published: true
features:
  go:
    additionalProperties: 0.1.1
    constsAndDefaults: 0.1.1
    core: 3.1.4
    flattening: 2.81.1
    globalSecurity: 2.82.2
    globalServerURLs: 2.82.0
    unions: 2.85.0
  terraform:
    additionalDependencies: 0.1.0
    core: 3.23.3
    deprecations: 2.81.1
    globalSecurity: 2.81.6
    globalServerURLs: 2.82.1
    unions: 2.81.15
generatedFiles:
  - internal/sdk/workflows.go
  - internal/sdk/sdk.go
  - internal/sdk/models/errors/sdkerror.go
  - internal/sdk/retry/config.go
  - internal/sdk/types/bigint.go
  - internal/sdk/types/date.go
  - internal/sdk/types/datetime.go
  - internal/sdk/types/decimal.go
  - internal/sdk/types/pointers.go
  - internal/sdk/internal/utils/contenttype.go
  - internal/sdk/internal/utils/form.go
  - internal/sdk/internal/utils/headers.go
  - internal/sdk/internal/utils/json.go
  - internal/sdk/internal/utils/pathparams.go
  - internal/sdk/internal/utils/queryparams.go
  - internal/sdk/internal/utils/requestbody.go
  - internal/sdk/internal/utils/retries.go
  - internal/sdk/internal/utils/security.go
  - internal/sdk/internal/utils/utils.go
  - internal/sdk/models/operations/createdefinition.go
  - internal/sdk/models/operations/deletedefinition.go
  - internal/sdk/models/operations/getdefinition.go
  - internal/sdk/models/operations/getdefinitions.go
  - internal/sdk/models/operations/getmaxallowedlimit.go
  - internal/sdk/models/operations/getworkflowclosingreasons.go
  - internal/sdk/models/operations/setworkflowclosingreasons.go
  - internal/sdk/models/operations/updatedefinition.go
  - internal/sdk/models/shared/workflowdefinition.go
  - internal/sdk/models/shared/updateentityattributes.go
  - internal/sdk/models/shared/section.go
  - internal/sdk/models/shared/itemtype.go
  - internal/sdk/models/shared/step.go
  - internal/sdk/models/shared/steprequirement.go
  - internal/sdk/models/shared/stepjourney.go
  - internal/sdk/models/shared/ecpdetails.go
  - internal/sdk/models/shared/steptype.go
  - internal/sdk/models/shared/dynamicduedate.go
  - internal/sdk/models/shared/stepdescription.go
  - internal/sdk/models/shared/closingreasonid.go
  - internal/sdk/models/shared/errorresp.go
  - internal/sdk/models/shared/definitionnotfoundresp.go
  - internal/sdk/models/shared/maxallowedlimit.go
  - internal/sdk/models/shared/closingreasonsids.go
  - internal/sdk/models/shared/security.go
  - internal/sdk/.gitignore
  - internal/sdk/.gitattributes
  - internal/sdk/internal/hooks/registration.go
  - internal/sdk/internal/hooks/hooks.go
  - examples/README.md
  - go.mod
  - go.sum
  - internal/planmodifiers/boolplanmodifier/suppress_diff.go
  - internal/planmodifiers/float64planmodifier/suppress_diff.go
  - internal/planmodifiers/int64planmodifier/suppress_diff.go
  - internal/planmodifiers/listplanmodifier/suppress_diff.go
  - internal/planmodifiers/mapplanmodifier/suppress_diff.go
  - internal/planmodifiers/numberplanmodifier/suppress_diff.go
  - internal/planmodifiers/objectplanmodifier/suppress_diff.go
  - internal/planmodifiers/setplanmodifier/suppress_diff.go
  - internal/planmodifiers/stringplanmodifier/suppress_diff.go
  - internal/planmodifiers/utils/state_check.go
  - internal/provider/reflect/diags.go
  - internal/provider/reflect/doc.go
  - internal/provider/reflect/generic_attr_value.go
  - internal/provider/reflect/helpers.go
  - internal/provider/reflect/interfaces.go
  - internal/provider/reflect/into.go
  - internal/provider/reflect/map.go
  - internal/provider/reflect/number.go
  - internal/provider/reflect/options.go
  - internal/provider/reflect/outof.go
  - internal/provider/reflect/pointer.go
  - internal/provider/reflect/primitive.go
  - internal/provider/reflect/slice.go
  - internal/provider/reflect/struct.go
  - internal/provider/utils.go
  - internal/validators/DateValidator.go
  - internal/validators/ExactlyOneChild.go
  - internal/validators/JSONParseValidator.go
  - internal/validators/RFC3339Validator.go
  - internal/validators/boolvalidators/not_null.go
  - internal/validators/float64validators/not_null.go
  - internal/validators/int64validators/not_null.go
  - internal/validators/listvalidators/not_null.go
  - internal/validators/mapvalidators/not_null.go
  - internal/validators/numbervalidators/not_null.go
  - internal/validators/objectvalidators/not_null.go
  - internal/validators/setvalidators/not_null.go
  - internal/validators/stringvalidators/not_null.go
  - main.go
  - terraform-registry-manifest.json
  - tools/tools.go
  - internal/provider/types/closing_reason_id.go
  - internal/provider/types/dynamic_due_date.go
  - internal/provider/types/automation_config.go
  - internal/provider/types/step_description.go
  - internal/provider/types/step_journey.go
  - internal/provider/types/ecp_details.go
  - internal/provider/types/step_requirement.go
  - internal/provider/types/step.go
  - internal/provider/types/section.go
  - internal/provider/types/flow.go
  - internal/provider/types/target.go
  - internal/provider/types/update_entity_attributes.go
  - USAGE.md
  - internal/provider/provider.go
  - examples/provider/provider.tf
  - examples/resources/epilot-workflow_workflow_definition/import.sh
  - internal/provider/workflowdefinition_resource.go
  - internal/provider/workflowdefinition_resource_sdk.go
  - examples/resources/epilot-workflow_workflow_definition/resource.tf
  - internal/provider/workflowdefinition_data_source.go
  - internal/provider/workflowdefinition_data_source_sdk.go
  - examples/data-sources/epilot-workflow_workflow_definition/data-source.tf
  - .gitattributes
