lockVersion: 2.0.0
id: 5a857039-7f4b-42d5-86fd-449767242ed2
management:
  docChecksum: 49ed280caef5eeece793d407c91311b9
  docVersion: 1.0.0
  speakeasyVersion: 1.300.0
  generationVersion: 2.338.14
  releaseVersion: 0.7.0
  configChecksum: d31a4e2b4f3485ff79942468af450a99
  repoURL: https://github.com/epilot-dev/terraform-provider-epilot-product.git
  repoSubDirectory: .
  published: true
features:
  go:
    additionalProperties: 0.1.1
    constsAndDefaults: 0.1.1
    core: 3.1.4
    flattening: 2.81.1
    globalSecurity: 2.82.2
    globalServerURLs: 2.82.0
    unions: 2.85.0
  terraform:
    additionalDependencies: 0.1.0
    constsAndDefaults: 0.1.4
    core: 3.21.2
    globalSecurity: 2.81.6
    globalServerURLs: 2.82.1
    nullables: 0.0.0
    unions: 2.81.14
generatedFiles:
  - internal/sdk/price.go
  - internal/sdk/product.go
  - internal/sdk/tax.go
  - internal/sdk/sdk.go
  - internal/sdk/models/errors/sdkerror.go
  - internal/sdk/types/bigint.go
  - internal/sdk/types/date.go
  - internal/sdk/types/datetime.go
  - internal/sdk/types/decimal.go
  - internal/sdk/types/pointers.go
  - internal/sdk/internal/utils/contenttype.go
  - internal/sdk/internal/utils/form.go
  - internal/sdk/internal/utils/headers.go
  - internal/sdk/internal/utils/json.go
  - internal/sdk/internal/utils/pathparams.go
  - internal/sdk/internal/utils/queryparams.go
  - internal/sdk/internal/utils/requestbody.go
  - internal/sdk/internal/utils/retries.go
  - internal/sdk/internal/utils/security.go
  - internal/sdk/internal/utils/utils.go
  - internal/sdk/models/operations/createprice.go
  - internal/sdk/models/operations/deleteprice.go
  - internal/sdk/models/operations/getprice.go
  - internal/sdk/models/operations/patchprice.go
  - internal/sdk/models/operations/updateprice.go
  - internal/sdk/models/operations/createproduct.go
  - internal/sdk/models/operations/deleteproduct.go
  - internal/sdk/models/operations/getproduct.go
  - internal/sdk/models/operations/patchproduct.go
  - internal/sdk/models/operations/updateproduct.go
  - internal/sdk/models/operations/createtax.go
  - internal/sdk/models/operations/deletetax.go
  - internal/sdk/models/operations/gettax.go
  - internal/sdk/models/operations/patchtax.go
  - internal/sdk/models/operations/updatetax.go
  - internal/sdk/models/shared/servererror.go
  - internal/sdk/models/shared/price.go
  - internal/sdk/models/shared/pricetier.go
  - internal/sdk/models/shared/pricetierdisplaymode.go
  - internal/sdk/models/shared/clienterror.go
  - internal/sdk/models/shared/pricecreate.go
  - internal/sdk/models/shared/pricepatch.go
  - internal/sdk/models/shared/product.go
  - internal/sdk/models/shared/baserelation.go
  - internal/sdk/models/shared/productcreate.go
  - internal/sdk/models/shared/productpatch.go
  - internal/sdk/models/shared/tax.go
  - internal/sdk/models/shared/taxcreate.go
  - internal/sdk/models/shared/taxpatch.go
  - internal/sdk/models/shared/security.go
  - internal/sdk/.gitignore
  - internal/sdk/.gitattributes
  - internal/sdk/internal/hooks/registration.go
  - internal/sdk/internal/hooks/hooks.go
  - examples/README.md
  - go.mod
  - go.sum
  - internal/planmodifiers/boolplanmodifier/suppress_diff.go
  - internal/planmodifiers/float64planmodifier/suppress_diff.go
  - internal/planmodifiers/int64planmodifier/suppress_diff.go
  - internal/planmodifiers/listplanmodifier/suppress_diff.go
  - internal/planmodifiers/mapplanmodifier/suppress_diff.go
  - internal/planmodifiers/numberplanmodifier/suppress_diff.go
  - internal/planmodifiers/objectplanmodifier/suppress_diff.go
  - internal/planmodifiers/setplanmodifier/suppress_diff.go
  - internal/planmodifiers/stringplanmodifier/suppress_diff.go
  - internal/planmodifiers/utils/state_check.go
  - internal/provider/reflect/diags.go
  - internal/provider/reflect/doc.go
  - internal/provider/reflect/generic_attr_value.go
  - internal/provider/reflect/helpers.go
  - internal/provider/reflect/interfaces.go
  - internal/provider/reflect/into.go
  - internal/provider/reflect/map.go
  - internal/provider/reflect/number.go
  - internal/provider/reflect/options.go
  - internal/provider/reflect/outof.go
  - internal/provider/reflect/pointer.go
  - internal/provider/reflect/primitive.go
  - internal/provider/reflect/slice.go
  - internal/provider/reflect/struct.go
  - internal/provider/utils.go
  - internal/validators/DateValidator.go
  - internal/validators/ExactlyOneChild.go
  - internal/validators/JSONParseValidator.go
  - internal/validators/RFC3339Validator.go
  - internal/validators/boolvalidators/not_null.go
  - internal/validators/float64validators/not_null.go
  - internal/validators/int64validators/not_null.go
  - internal/validators/listvalidators/not_null.go
  - internal/validators/mapvalidators/not_null.go
  - internal/validators/numbervalidators/not_null.go
  - internal/validators/objectvalidators/not_null.go
  - internal/validators/setvalidators/not_null.go
  - internal/validators/stringvalidators/not_null.go
  - main.go
  - terraform-registry-manifest.json
  - tools/tools.go
  - internal/provider/types/price_tier.go
  - internal/provider/types/price_create_unit.go
  - internal/provider/types/dollar_relation.go
  - internal/provider/types/base_relation.go
  - USAGE.md
  - internal/provider/provider.go
  - examples/provider/provider.tf
  - examples/resources/epilot-product_price/import.sh
  - internal/provider/price_resource.go
  - internal/provider/price_resource_sdk.go
  - examples/resources/epilot-product_price/resource.tf
  - examples/resources/epilot-product_product/import.sh
  - internal/provider/product_resource.go
  - internal/provider/product_resource_sdk.go
  - examples/resources/epilot-product_product/resource.tf
  - examples/resources/epilot-product_tax/import.sh
  - internal/provider/tax_resource.go
  - internal/provider/tax_resource_sdk.go
  - examples/resources/epilot-product_tax/resource.tf
  - internal/provider/price_data_source.go
  - internal/provider/price_data_source_sdk.go
  - examples/data-sources/epilot-product_price/data-source.tf
  - internal/provider/product_data_source.go
  - internal/provider/product_data_source_sdk.go
  - examples/data-sources/epilot-product_product/data-source.tf
  - internal/provider/tax_data_source.go
  - internal/provider/tax_data_source_sdk.go
  - examples/data-sources/epilot-product_tax/data-source.tf
  - .gitattributes
