speakeasyVersion: 1.763.0
sources:
    my-source:
        sourceNamespace: my-source
        sourceRevisionDigest: sha256:81bde5f712230896a4c5ca0ba3faeef109a67580d2f57fdccddd1b5c425c26f3
        sourceBlobDigest: sha256:40ad978591645914533b568a47a90cd249b4f3b238687eca5b8a2bbbda9c943c
        tags:
            - latest
            - 1.1.0
targets:
    terraform:
        source: my-source
        sourceNamespace: my-source
        sourceRevisionDigest: sha256:81bde5f712230896a4c5ca0ba3faeef109a67580d2f57fdccddd1b5c425c26f3
        sourceBlobDigest: sha256:40ad978591645914533b568a47a90cd249b4f3b238687eca5b8a2bbbda9c943c
workflow:
    workflowVersion: 1.0.0
    speakeasyVersion: latest
    sources:
        my-source:
            inputs:
                - location: https://docs.api.epilot.io/workflows-definition.yaml
            overlays:
                - location: overlay.yaml
            output: final.yaml
            registry:
                location: registry.speakeasyapi.dev/epilot/epilot/my-source
    targets:
        terraform:
            target: terraform
            source: my-source
