speakeasyVersion: 1.700.2
sources:
    my-source:
        sourceNamespace: my-source
        sourceRevisionDigest: sha256:980e2fba9c0ea2b8eb489da3cf09474d6708b469725979379f2db41b7559359d
        sourceBlobDigest: sha256:cf0db5058b01c96512f4f1cae3120867cd675968379caf5351919cfe8ef6377e
        tags:
            - latest
            - speakeasy-sdk-regen-1764981259
            - 1.0.0
targets:
    terraform:
        source: my-source
        sourceNamespace: my-source
        sourceRevisionDigest: sha256:980e2fba9c0ea2b8eb489da3cf09474d6708b469725979379f2db41b7559359d
        sourceBlobDigest: sha256:cf0db5058b01c96512f4f1cae3120867cd675968379caf5351919cfe8ef6377e
workflow:
    workflowVersion: 1.0.0
    speakeasyVersion: latest
    sources:
        my-source:
            inputs:
                - location: https://docs.api.epilot.io/workflows-definition.yaml
            output: final.yaml
            registry:
                location: registry.speakeasyapi.dev/epilot/epilot/my-source
    targets:
        terraform:
            target: terraform
            source: my-source
